// !$*UTF8*$!
{
	archiveVersion = 1;
	classes = {
	};
	objectVersion = 56;
	objects = {

/* Begin PBXBuildFile section */
		04D169DA29425A88001EDDC0 /* AppDelegate.swift in Sources */ = {isa = PBXBuildFile; fileRef = 04D169D929425A88001EDDC0 /* AppDelegate.swift */; };
		04D169DC29425A88001EDDC0 /* GameScene.sks in Resources */ = {isa = PBXBuildFile; fileRef = 04D169DB29425A88001EDDC0 /* GameScene.sks */; };
		04D169E029425A88001EDDC0 /* GameScene.swift in Sources */ = {isa = PBXBuildFile; fileRef = 04D169DF29425A88001EDDC0 /* GameScene.swift */; };
		04D169E229425A88001EDDC0 /* GameViewController.swift in Sources */ = {isa = PBXBuildFile; fileRef = 04D169E129425A88001EDDC0 /* GameViewController.swift */; };
		04D169E529425A88001EDDC0 /* Main.storyboard in Resources */ = {isa = PBXBuildFile; fileRef = 04D169E329425A88001EDDC0 /* Main.storyboard */; };
		04D169E729425A8A001EDDC0 /* Assets.xcassets in Resources */ = {isa = PBXBuildFile; fileRef = 04D169E629425A8A001EDDC0 /* Assets.xcassets */; };
		04D169EA29425A8A001EDDC0 /* LaunchScreen.storyboard in Resources */ = {isa = PBXBuildFile; fileRef = 04D169E829425A8A001EDDC0 /* LaunchScreen.storyboard */; };
		04D169F429425A8A001EDDC0 /* Veggie_s_Attack_2_0Tests.swift in Sources */ = {isa = PBXBuildFile; fileRef = 04D169F329425A8A001EDDC0 /* Veggie_s_Attack_2_0Tests.swift */; };
		04D169FE29425A8A001EDDC0 /* Veggie_s_Attack_2_0UITests.swift in Sources */ = {isa = PBXBuildFile; fileRef = 04D169FD29425A8A001EDDC0 /* Veggie_s_Attack_2_0UITests.swift */; };
		04D16A0029425A8A001EDDC0 /* Veggie_s_Attack_2_0UITestsLaunchTests.swift in Sources */ = {isa = PBXBuildFile; fileRef = 04D169FF29425A8A001EDDC0 /* Veggie_s_Attack_2_0UITestsLaunchTests.swift */; };
/* End PBXBuildFile section */

/* Begin PBXContainerItemProxy section */
		04D169F029425A8A001EDDC0 /* PBXContainerItemProxy */ = {
			isa = PBXContainerItemProxy;
			containerPortal = 04D169CE29425A88001EDDC0 /* Project object */;
			proxyType = 1;
			remoteGlobalIDString = 04D169D529425A88001EDDC0;
			remoteInfo = "Veggie's Attack 2.0";
		};
		04D169FA29425A8A001EDDC0 /* PBXContainerItemProxy */ = {
			isa = PBXContainerItemProxy;
			containerPortal = 04D169CE29425A88001EDDC0 /* Project object */;
			proxyType = 1;
			remoteGlobalIDString = 04D169D529425A88001EDDC0;
			remoteInfo = "Veggie's Attack 2.0";
		};
/* End PBXContainerItemProxy section */

/* Begin PBXFileReference section */
		04D169D629425A88001EDDC0 /* Veggie's Attack 2.0.app */ = {isa = PBXFileReference; explicitFileType = wrapper.application; includeInIndex = 0; path = "Veggie's Attack 2.0.app"; sourceTree = BUILT_PRODUCTS_DIR; };
		04D169D929425A88001EDDC0 /* AppDelegate.swift */ = {isa = PBXFileReference; lastKnownFileType = sourcecode.swift; path = AppDelegate.swift; sourceTree = "<group>"; };
		04D169DB29425A88001EDDC0 /* GameScene.sks */ = {isa = PBXFileReference; lastKnownFileType = file.sks; path = GameScene.sks; sourceTree = "<group>"; };
		04D169DF29425A88001EDDC0 /* GameScene.swift */ = {isa = PBXFileReference; lastKnownFileType = sourcecode.swift; path = GameScene.swift; sourceTree = "<group>"; };
		04D169E129425A88001EDDC0 /* GameViewController.swift */ = {isa = PBXFileReference; lastKnownFileType = sourcecode.swift; path = GameViewController.swift; sourceTree = "<group>"; };
		04D169E429425A88001EDDC0 /* Base */ = {isa = PBXFileReference; lastKnownFileType = file.storyboard; name = Base; path = Base.lproj/Main.storyboard; sourceTree = "<group>"; };
		04D169E629425A8A001EDDC0 /* Assets.xcassets */ = {isa = PBXFileReference; lastKnownFileType = folder.assetcatalog; path = Assets.xcassets; sourceTree = "<group>"; };
		04D169E929425A8A001EDDC0 /* Base */ = {isa = PBXFileReference; lastKnownFileType = file.storyboard; name = Base; path = Base.lproj/LaunchScreen.storyboard; sourceTree = "<group>"; };
		04D169EF29425A8A001EDDC0 /* Veggie's Attack 2.0Tests.xctest */ = {isa = PBXFileReference; explicitFileType = wrapper.cfbundle; includeInIndex = 0; path = "Veggie's Attack 2.0Tests.xctest"; sourceTree = BUILT_PRODUCTS_DIR; };
		04D169F329425A8A001EDDC0 /* Veggie_s_Attack_2_0Tests.swift */ = {isa = PBXFileReference; lastKnownFileType = sourcecode.swift; path = Veggie_s_Attack_2_0Tests.swift; sourceTree = "<group>"; };
		04D169F929425A8A001EDDC0 /* Veggie's Attack 2.0UITests.xctest */ = {isa = PBXFileReference; explicitFileType = wrapper.cfbundle; includeInIndex = 0; path = "Veggie's Attack 2.0UITests.xctest"; sourceTree = BUILT_PRODUCTS_DIR; };
		04D169FD29425A8A001EDDC0 /* Veggie_s_Attack_2_0UITests.swift */ = {isa = PBXFileReference; lastKnownFileType = sourcecode.swift; path = Veggie_s_Attack_2_0UITests.swift; sourceTree = "<group>"; };
		04D169FF29425A8A001EDDC0 /* Veggie_s_Attack_2_0UITestsLaunchTests.swift */ = {isa = PBXFileReference; lastKnownFileType = sourcecode.swift; path = Veggie_s_Attack_2_0UITestsLaunchTests.swift; sourceTree = "<group>"; };
/* End PBXFileReference section */

/* Begin PBXFrameworksBuildPhase section */
		04D169D329425A88001EDDC0 /* Frameworks */ = {
			isa = PBXFrameworksBuildPhase;
			buildActionMask = 2147483647;
			files = (
			);
			runOnlyForDeploymentPostprocessing = 0;
		};
		04D169EC29425A8A001EDDC0 /* Frameworks */ = {
			isa = PBXFrameworksBuildPhase;
			buildActionMask = 2147483647;
			files = (
			);
			runOnlyForDeploymentPostprocessing = 0;
		};
		04D169F629425A8A001EDDC0 /* Frameworks */ = {
			isa = PBXFrameworksBuildPhase;
			buildActionMask = 2147483647;
			files = (
			);
			runOnlyForDeploymentPostprocessing = 0;
		};
/* End PBXFrameworksBuildPhase section */

/* Begin PBXGroup section */
		04D169CD29425A88001EDDC0 = {
			isa = PBXGroup;
			children = (
				04D169D829425A88001EDDC0 /* Veggie's Attack 2.0 */,
				04D169F229425A8A001EDDC0 /* Veggie's Attack 2.0Tests */,
				04D169FC29425A8A001EDDC0 /* Veggie's Attack 2.0UITests */,
				04D169D729425A88001EDDC0 /* Products */,
			);
			sourceTree = "<group>";
		};
		04D169D729425A88001EDDC0 /* Products */ = {
			isa = PBXGroup;
			children = (
				04D169D629425A88001EDDC0 /* Veggie's Attack 2.0.app */,
				04D169EF29425A8A001EDDC0 /* Veggie's Attack 2.0Tests.xctest */,
				04D169F929425A8A001EDDC0 /* Veggie's Attack 2.0UITests.xctest */,
			);
			name = Products;
			sourceTree = "<group>";
		};
		04D169D829425A88001EDDC0 /* Veggie's Attack 2.0 */ = {
			isa = PBXGroup;
			children = (
				04D169D929425A88001EDDC0 /* AppDelegate.swift */,
				04D169DB29425A88001EDDC0 /* GameScene.sks */,
				04D169DF29425A88001EDDC0 /* GameScene.swift */,
				04D169E129425A88001EDDC0 /* GameViewController.swift */,
				04D169E329425A88001EDDC0 /* Main.storyboard */,
				04D169E629425A8A001EDDC0 /* Assets.xcassets */,
				04D169E829425A8A001EDDC0 /* LaunchScreen.storyboard */,
			);
			path = "Veggie's Attack 2.0";
			sourceTree = "<group>";
		};
		04D169F229425A8A001EDDC0 /* Veggie's Attack 2.0Tests */ = {
			isa = PBXGroup;
			children = (
				04D169F329425A8A001EDDC0 /* Veggie_s_Attack_2_0Tests.swift */,
			);
			path = "Veggie's Attack 2.0Tests";
			sourceTree = "<group>";
		};
		04D169FC29425A8A001EDDC0 /* Veggie's Attack 2.0UITests */ = {
			isa = PBXGroup;
			children = (
				04D169FD29425A8A001EDDC0 /* Veggie_s_Attack_2_0UITests.swift */,
				04D169FF29425A8A001EDDC0 /* Veggie_s_Attack_2_0UITestsLaunchTests.swift */,
			);
			path = "Veggie's Attack 2.0UITests";
			sourceTree = "<group>";
		};
/* End PBXGroup section */

/* Begin PBXNativeTarget section */
		04D169D529425A88001EDDC0 /* Veggie's Attack 2.0 */ = {
			isa = PBXNativeTarget;
			buildConfigurationList = 04D16A0329425A8A001EDDC0 /* Build configuration list for PBXNativeTarget "Veggie's Attack 2.0" */;
			buildPhases = (
				04D169D229425A88001EDDC0 /* Sources */,
				04D169D329425A88001EDDC0 /* Frameworks */,
				04D169D429425A88001EDDC0 /* Resources */,
			);
			buildRules = (
			);
			dependencies = (
			);
			name = "Veggie's Attack 2.0";
			productName = "Veggie's Attack 2.0";
			productReference = 04D169D629425A88001EDDC0 /* Veggie's Attack 2.0.app */;
			productType = "com.apple.product-type.application";
		};
		04D169EE29425A8A001EDDC0 /* Veggie's Attack 2.0Tests */ = {
			isa = PBXNativeTarget;
			buildConfigurationList = 04D16A0629425A8A001EDDC0 /* Build configuration list for PBXNativeTarget "Veggie's Attack 2.0Tests" */;
			buildPhases = (
				04D169EB29425A8A001EDDC0 /* Sources */,
				04D169EC29425A8A001EDDC0 /* Frameworks */,
				04D169ED29425A8A001EDDC0 /* Resources */,
			);
			buildRules = (
			);
			dependencies = (
				04D169F129425A8A001EDDC0 /* PBXTargetDependency */,
			);
			name = "Veggie's Attack 2.0Tests";
			productName = "Veggie's Attack 2.0Tests";
			productReference = 04D169EF29425A8A001EDDC0 /* Veggie's Attack 2.0Tests.xctest */;
			productType = "com.apple.product-type.bundle.unit-test";
		};
		04D169F829425A8A001EDDC0 /* Veggie's Attack 2.0UITests */ = {
			isa = PBXNativeTarget;
			buildConfigurationList = 04D16A0929425A8A001EDDC0 /* Build configuration list for PBXNativeTarget "Veggie's Attack 2.0UITests" */;
			buildPhases = (
				04D169F529425A8A001EDDC0 /* Sources */,
				04D169F629425A8A001EDDC0 /* Frameworks */,
				04D169F729425A8A001EDDC0 /* Resources */,
			);
			buildRules = (
			);
			dependencies = (
				04D169FB29425A8A001EDDC0 /* PBXTargetDependency */,
			);
			name = "Veggie's Attack 2.0UITests";
			productName = "Veggie's Attack 2.0UITests";
			productReference = 04D169F929425A8A001EDDC0 /* Veggie's Attack 2.0UITests.xctest */;
			productType = "com.apple.product-type.bundle.ui-testing";
		};
/* End PBXNativeTarget section */

/* Begin PBXProject section */
		04D169CE29425A88001EDDC0 /* Project object */ = {
			isa = PBXProject;
			attributes = {
				BuildIndependentTargetsInParallel = 1;
				LastSwiftUpdateCheck = 1410;
				LastUpgradeCheck = 1410;
				TargetAttributes = {
					04D169D529425A88001EDDC0 = {
						CreatedOnToolsVersion = 14.1;
					};
					04D169EE29425A8A001EDDC0 = {
						CreatedOnToolsVersion = 14.1;
						TestTargetID = 04D169D529425A88001EDDC0;
					};
					04D169F829425A8A001EDDC0 = {
						CreatedOnToolsVersion = 14.1;
						TestTargetID = 04D169D529425A88001EDDC0;
					};
				};
			};
			buildConfigurationList = 04D169D129425A88001EDDC0 /* Build configuration list for PBXProject "Veggie's Attack 2.0" */;
			compatibilityVersion = "Xcode 14.0";
			developmentRegion = en;
			hasScannedForEncodings = 0;
			knownRegions = (
				en,
				Base,
			);
			mainGroup = 04D169CD29425A88001EDDC0;
			productRefGroup = 04D169D729425A88001EDDC0 /* Products */;
			projectDirPath = "";
			projectRoot = "";
			targets = (
				04D169D529425A88001EDDC0 /* Veggie's Attack 2.0 */,
				04D169EE29425A8A001EDDC0 /* Veggie's Attack 2.0Tests */,
				04D169F829425A8A001EDDC0 /* Veggie's Attack 2.0UITests */,
			);
		};
/* End PBXProject section */

/* Begin PBXResourcesBuildPhase section */
		04D169D429425A88001EDDC0 /* Resources */ = {
			isa = PBXResourcesBuildPhase;
			buildActionMask = 2147483647;
			files = (
				04D169E529425A88001EDDC0 /* Main.storyboard in Resources */,
				04D169DC29425A88001EDDC0 /* GameScene.sks in Resources */,
				04D169E729425A8A001EDDC0 /* Assets.xcassets in Resources */,
				04D169EA29425A8A001EDDC0 /* LaunchScreen.storyboard in Resources */,
			);
			runOnlyForDeploymentPostprocessing = 0;
		};
		04D169ED29425A8A001EDDC0 /* Resources */ = {
			isa = PBXResourcesBuildPhase;
			buildActionMask = 2147483647;
			files = (
			);
			runOnlyForDeploymentPostprocessing = 0;
		};
		04D169F729425A8A001EDDC0 /* Resources */ = {
			isa = PBXResourcesBuildPhase;
			buildActionMask = 2147483647;
			files = (
			);
			runOnlyForDeploymentPostprocessing = 0;
		};
/* End PBXResourcesBuildPhase section */

/* Begin PBXSourcesBuildPhase section */
		04D169D229425A88001EDDC0 /* Sources */ = {
			isa = PBXSourcesBuildPhase;
			buildActionMask = 2147483647;
			files = (
				04D169E029425A88001EDDC0 /* GameScene.swift in Sources */,
				04D169E229425A88001EDDC0 /* GameViewController.swift in Sources */,
				04D169DA29425A88001EDDC0 /* AppDelegate.swift in Sources */,
			);
			runOnlyForDeploymentPostprocessing = 0;
		};
		04D169EB29425A8A001EDDC0 /* Sources */ = {
			isa = PBXSourcesBuildPhase;
			buildActionMask = 2147483647;
			files = (
				04D169F429425A8A001EDDC0 /* Veggie_s_Attack_2_0Tests.swift in Sources */,
			);
			runOnlyForDeploymentPostprocessing = 0;
		};
		04D169F529425A8A001EDDC0 /* Sources */ = {
			isa = PBXSourcesBuildPhase;
			buildActionMask = 2147483647;
			files = (
				04D169FE29425A8A001EDDC0 /* Veggie_s_Attack_2_0UITests.swift in Sources */,
				04D16A0029425A8A001EDDC0 /* Veggie_s_Attack_2_0UITestsLaunchTests.swift in Sources */,
			);
			runOnlyForDeploymentPostprocessing = 0;
		};
/* End PBXSourcesBuildPhase section */

/* Begin PBXTargetDependency section */
		04D169F129425A8A001EDDC0 /* PBXTargetDependency */ = {
			isa = PBXTargetDependency;
			target = 04D169D529425A88001EDDC0 /* Veggie's Attack 2.0 */;
			targetProxy = 04D169F029425A8A001EDDC0 /* PBXContainerItemProxy */;
		};
		04D169FB29425A8A001EDDC0 /* PBXTargetDependency */ = {
			isa = PBXTargetDependency;
			target = 04D169D529425A88001EDDC0 /* Veggie's Attack 2.0 */;
			targetProxy = 04D169FA29425A8A001EDDC0 /* PBXContainerItemProxy */;
		};
/* End PBXTargetDependency section */

/* Begin PBXVariantGroup section */
		04D169E329425A88001EDDC0 /* Main.storyboard */ = {
			isa = PBXVariantGroup;
			children = (
				04D169E429425A88001EDDC0 /* Base */,
			);
			name = Main.storyboard;
			sourceTree = "<group>";
		};
		04D169E829425A8A001EDDC0 /* LaunchScreen.storyboard */ = {
			isa = PBXVariantGroup;
			children = (
				04D169E929425A8A001EDDC0 /* Base */,
			);
			name = LaunchScreen.storyboard;
			sourceTree = "<group>";
		};
/* End PBXVariantGroup section */

/* Begin XCBuildConfiguration section */
		04D16A0129425A8A001EDDC0 /* Debug */ = {
			isa = XCBuildConfiguration;
			buildSettings = {
				ALWAYS_SEARCH_USER_PATHS = NO;
				CLANG_ANALYZER_NONNULL = YES;
				CLANG_ANALYZER_NUMBER_OBJECT_CONVERSION = YES_AGGRESSIVE;
				CLANG_CXX_LANGUAGE_STANDARD = "gnu++20";
				CLANG_ENABLE_MODULES = YES;
				CLANG_ENABLE_OBJC_ARC = YES;
				CLANG_ENABLE_OBJC_WEAK = YES;
				CLANG_WARN_BLOCK_CAPTURE_AUTORELEASING = YES;
				CLANG_WARN_BOOL_CONVERSION = YES;
				CLANG_WARN_COMMA = YES;
				CLANG_WARN_CONSTANT_CONVERSION = YES;
				CLANG_WARN_DEPRECATED_OBJC_IMPLEMENTATIONS = YES;
				CLANG_WARN_DIRECT_OBJC_ISA_USAGE = YES_ERROR;
				CLANG_WARN_DOCUMENTATION_COMMENTS = YES;
				CLANG_WARN_EMPTY_BODY = YES;
				CLANG_WARN_ENUM_CONVERSION = YES;
				CLANG_WARN_INFINITE_RECURSION = YES;
				CLANG_WARN_INT_CONVERSION = YES;
				CLANG_WARN_NON_LITERAL_NULL_CONVERSION = YES;
				CLANG_WARN_OBJC_IMPLICIT_RETAIN_SELF = YES;
				CLANG_WARN_OBJC_LITERAL_CONVERSION = YES;
				CLANG_WARN_OBJC_ROOT_CLASS = YES_ERROR;
				CLANG_WARN_QUOTED_INCLUDE_IN_FRAMEWORK_HEADER = YES;
				CLANG_WARN_RANGE_LOOP_ANALYSIS = YES;
				CLANG_WARN_STRICT_PROTOTYPES = YES;
				CLANG_WARN_SUSPICIOUS_MOVE = YES;
				CLANG_WARN_UNGUARDED_AVAILABILITY = YES_AGGRESSIVE;
				CLANG_WARN_UNREACHABLE_CODE = YES;
				CLANG_WARN__DUPLICATE_METHOD_MATCH = YES;
				COPY_PHASE_STRIP = NO;
				DEBUG_INFORMATION_FORMAT = dwarf;
				ENABLE_STRICT_OBJC_MSGSEND = YES;
				ENABLE_TESTABILITY = YES;
				GCC_C_LANGUAGE_STANDARD = gnu11;
				GCC_DYNAMIC_NO_PIC = NO;
				GCC_NO_COMMON_BLOCKS = YES;
				GCC_OPTIMIZATION_LEVEL = 0;
				GCC_PREPROCESSOR_DEFINITIONS = (
					"DEBUG=1",
					"$(inherited)",
				);
				GCC_WARN_64_TO_32_BIT_CONVERSION = YES;
				GCC_WARN_ABOUT_RETURN_TYPE = YES_ERROR;
				GCC_WARN_UNDECLARED_SELECTOR = YES;
				GCC_WARN_UNINITIALIZED_AUTOS = YES_AGGRESSIVE;
				GCC_WARN_UNUSED_FUNCTION = YES;
				GCC_WARN_UNUSED_VARIABLE = YES;
				IPHONEOS_DEPLOYMENT_TARGET = 16.1;
				MTL_ENABLE_DEBUG_INFO = INCLUDE_SOURCE;
				MTL_FAST_MATH = YES;
				ONLY_ACTIVE_ARCH = YES;
				SDKROOT = iphoneos;
				SWIFT_ACTIVE_COMPILATION_CONDITIONS = DEBUG;
				SWIFT_OPTIMIZATION_LEVEL = "-Onone";
			};
			name = Debug;
		};
		04D16A0229425A8A001EDDC0 /* Release */ = {
			isa = XCBuildConfiguration;
			buildSettings = {
				ALWAYS_SEARCH_USER_PATHS = NO;
				CLANG_ANALYZER_NONNULL = YES;
				CLANG_ANALYZER_NUMBER_OBJECT_CONVERSION = YES_AGGRESSIVE;
				CLANG_CXX_LANGUAGE_STANDARD = "gnu++20";
				CLANG_ENABLE_MODULES = YES;
				CLANG_ENABLE_OBJC_ARC = YES;
				CLANG_ENABLE_OBJC_WEAK = YES;
				CLANG_WARN_BLOCK_CAPTURE_AUTORELEASING = YES;
				CLANG_WARN_BOOL_CONVERSION = YES;
				CLANG_WARN_COMMA = YES;
				CLANG_WARN_CONSTANT_CONVERSION = YES;
				CLANG_WARN_DEPRECATED_OBJC_IMPLEMENTATIONS = YES;
				CLANG_WARN_DIRECT_OBJC_ISA_USAGE = YES_ERROR;
				CLANG_WARN_DOCUMENTATION_COMMENTS = YES;
				CLANG_WARN_EMPTY_BODY = YES;
				CLANG_WARN_ENUM_CONVERSION = YES;
				CLANG_WARN_INFINITE_RECURSION = YES;
				CLANG_WARN_INT_CONVERSION = YES;
				CLANG_WARN_NON_LITERAL_NULL_CONVERSION = YES;
				CLANG_WARN_OBJC_IMPLICIT_RETAIN_SELF = YES;
				CLANG_WARN_OBJC_LITERAL_CONVERSION = YES;
				CLANG_WARN_OBJC_ROOT_CLASS = YES_ERROR;
				CLANG_WARN_QUOTED_INCLUDE_IN_FRAMEWORK_HEADER = YES;
				CLANG_WARN_RANGE_LOOP_ANALYSIS = YES;
				CLANG_WARN_STRICT_PROTOTYPES = YES;
				CLANG_WARN_SUSPICIOUS_MOVE = YES;
				CLANG_WARN_UNGUARDED_AVAILABILITY = YES_AGGRESSIVE;
				CLANG_WARN_UNREACHABLE_CODE = YES;
				CLANG_WARN__DUPLICATE_METHOD_MATCH = YES;
				COPY_PHASE_STRIP = NO;
				DEBUG_INFORMATION_FORMAT = "dwarf-with-dsym";
				ENABLE_NS_ASSERTIONS = NO;
				ENABLE_STRICT_OBJC_MSGSEND = YES;
				GCC_C_LANGUAGE_STANDARD = gnu11;
				GCC_NO_COMMON_BLOCKS = YES;
				GCC_WARN_64_TO_32_BIT_CONVERSION = YES;
				GCC_WARN_ABOUT_RETURN_TYPE = YES_ERROR;
				GCC_WARN_UNDECLARED_SELECTOR = YES;
				GCC_WARN_UNINITIALIZED_AUTOS = YES_AGGRESSIVE;
				GCC_WARN_UNUSED_FUNCTION = YES;
				GCC_WARN_UNUSED_VARIABLE = YES;
				IPHONEOS_DEPLOYMENT_TARGET = 16.1;
				MTL_ENABLE_DEBUG_INFO = NO;
				MTL_FAST_MATH = YES;
				SDKROOT = iphoneos;
				SWIFT_COMPILATION_MODE = wholemodule;
				SWIFT_OPTIMIZATION_LEVEL = "-O";
				VALIDATE_PRODUCT = YES;
			};
			name = Release;
		};
		04D16A0429425A8A001EDDC0 /* Debug */ = {
			isa = XCBuildConfiguration;
			buildSettings = {
				ASSETCATALOG_COMPILER_APPICON_NAME = AppIcon;
				ASSETCATALOG_COMPILER_GLOBAL_ACCENT_COLOR_NAME = AccentColor;
				CODE_SIGN_STYLE = Automatic;
				CURRENT_PROJECT_VERSION = 1;
				DEVELOPMENT_TEAM = FQJLMFAWS6;
				GENERATE_INFOPLIST_FILE = YES;
				INFOPLIST_KEY_UIApplicationSupportsIndirectInputEvents = YES;
				INFOPLIST_KEY_UILaunchStoryboardName = LaunchScreen;
				INFOPLIST_KEY_UIMainStoryboardFile = Main;
				INFOPLIST_KEY_UIStatusBarHidden = YES;
				INFOPLIST_KEY_UISupportedInterfaceOrientations = UIInterfaceOrientationLandscapeRight;
				LD_RUNPATH_SEARCH_PATHS = (
					"$(inherited)",
					"@executable_path/Frameworks",
				);
				MARKETING_VERSION = 1.0;
				PRODUCT_BUNDLE_IDENTIFIER = "michele.Veggie-s-Attack-2-0";
				PRODUCT_NAME = "$(TARGET_NAME)";
				SUPPORTED_PLATFORMS = "iphoneos iphonesimulator";
				SUPPORTS_MACCATALYST = NO;
				SUPPORTS_MAC_DESIGNED_FOR_IPHONE_IPAD = NO;
				SWIFT_EMIT_LOC_STRINGS = YES;
				SWIFT_VERSION = 5.0;
				TARGETED_DEVICE_FAMILY = "1,2";
			};
			name = Debug;
		};
		04D16A0529425A8A001EDDC0 /* Release */ = {
			isa = XCBuildConfiguration;
			buildSettings = {
				ASSETCATALOG_COMPILER_APPICON_NAME = AppIcon;
				ASSETCATALOG_COMPILER_GLOBAL_ACCENT_COLOR_NAME = AccentColor;
				CODE_SIGN_STYLE = Automatic;
				CURRENT_PROJECT_VERSION = 1;
				DEVELOPMENT_TEAM = FQJLMFAWS6;
				GENERATE_INFOPLIST_FILE = YES;
				INFOPLIST_KEY_UIApplicationSupportsIndirectInputEvents = YES;
				INFOPLIST_KEY_UILaunchStoryboardName = LaunchScreen;
				INFOPLIST_KEY_UIMainStoryboardFile = Main;
				INFOPLIST_KEY_UIStatusBarHidden = YES;
				INFOPLIST_KEY_UISupportedInterfaceOrientations = UIInterfaceOrientationLandscapeRight;
				LD_RUNPATH_SEARCH_PATHS = (
					"$(inherited)",
					"@executable_path/Frameworks",
				);
				MARKETING_VERSION = 1.0;
				PRODUCT_BUNDLE_IDENTIFIER = "michele.Veggie-s-Attack-2-0";
				PRODUCT_NAME = "$(TARGET_NAME)";
				SUPPORTED_PLATFORMS = "iphoneos iphonesimulator";
				SUPPORTS_MACCATALYST = NO;
				SUPPORTS_MAC_DESIGNED_FOR_IPHONE_IPAD = NO;
				SWIFT_EMIT_LOC_STRINGS = YES;
				SWIFT_VERSION = 5.0;
				TARGETED_DEVICE_FAMILY = "1,2";
			};
			name = Release;
		};
		04D16A0729425A8A001EDDC0 /* Debug */ = {
			isa = XCBuildConfiguration;
			buildSettings = {
				ALWAYS_EMBED_SWIFT_STANDARD_LIBRARIES = YES;
				BUNDLE_LOADER = "$(TEST_HOST)";
				CODE_SIGN_STYLE = Automatic;
				CURRENT_PROJECT_VERSION = 1;
				DEVELOPMENT_TEAM = FQJLMFAWS6;
				GENERATE_INFOPLIST_FILE = YES;
				IPHONEOS_DEPLOYMENT_TARGET = 16.1;
				MARKETING_VERSION = 1.0;
				PRODUCT_BUNDLE_IDENTIFIER = "michele.Veggie-s-Attack-2-0Tests";
				PRODUCT_NAME = "$(TARGET_NAME)";
				SWIFT_EMIT_LOC_STRINGS = NO;
				SWIFT_VERSION = 5.0;
				TARGETED_DEVICE_FAMILY = "1,2";
				TEST_HOST = "$(BUILT_PRODUCTS_DIR)/Veggie's Attack 2.0.app/$(BUNDLE_EXECUTABLE_FOLDER_PATH)/Veggie's Attack 2.0";
			};
			name = Debug;
		};
		04D16A0829425A8A001EDDC0 /* Release */ = {
			isa = XCBuildConfiguration;
			buildSettings = {
				ALWAYS_EMBED_SWIFT_STANDARD_LIBRARIES = YES;
				BUNDLE_LOADER = "$(TEST_HOST)";
				CODE_SIGN_STYLE = Automatic;
				CURRENT_PROJECT_VERSION = 1;
				DEVELOPMENT_TEAM = FQJLMFAWS6;
				GENERATE_INFOPLIST_FILE = YES;
				IPHONEOS_DEPLOYMENT_TARGET = 16.1;
				MARKETING_VERSION = 1.0;
				PRODUCT_BUNDLE_IDENTIFIER = "michele.Veggie-s-Attack-2-0Tests";
				PRODUCT_NAME = "$(TARGET_NAME)";
				SWIFT_EMIT_LOC_STRINGS = NO;
				SWIFT_VERSION = 5.0;
				TARGETED_DEVICE_FAMILY = "1,2";
				TEST_HOST = "$(BUILT_PRODUCTS_DIR)/Veggie's Attack 2.0.app/$(BUNDLE_EXECUTABLE_FOLDER_PATH)/Veggie's Attack 2.0";
			};
			name = Release;
		};
		04D16A0A29425A8A001EDDC0 /* Debug */ = {
			isa = XCBuildConfiguration;
			buildSettings = {
				ALWAYS_EMBED_SWIFT_STANDARD_LIBRARIES = YES;
				CODE_SIGN_STYLE = Automatic;
				CURRENT_PROJECT_VERSION = 1;
				DEVELOPMENT_TEAM = FQJLMFAWS6;
				GENERATE_INFOPLIST_FILE = YES;
				MARKETING_VERSION = 1.0;
				PRODUCT_BUNDLE_IDENTIFIER = "michele.Veggie-s-Attack-2-0UITests";
				PRODUCT_NAME = "$(TARGET_NAME)";
				SWIFT_EMIT_LOC_STRINGS = NO;
				SWIFT_VERSION = 5.0;
				TARGETED_DEVICE_FAMILY = "1,2";
				TEST_TARGET_NAME = "Veggie's Attack 2.0";
			};
			name = Debug;
		};
		04D16A0B29425A8A001EDDC0 /* Release */ = {
			isa = XCBuildConfiguration;
			buildSettings = {
				ALWAYS_EMBED_SWIFT_STANDARD_LIBRARIES = YES;
				CODE_SIGN_STYLE = Automatic;
				CURRENT_PROJECT_VERSION = 1;
				DEVELOPMENT_TEAM = FQJLMFAWS6;
				GENERATE_INFOPLIST_FILE = YES;
				MARKETING_VERSION = 1.0;
				PRODUCT_BUNDLE_IDENTIFIER = "michele.Veggie-s-Attack-2-0UITests";
				PRODUCT_NAME = "$(TARGET_NAME)";
				SWIFT_EMIT_LOC_STRINGS = NO;
				SWIFT_VERSION = 5.0;
				TARGETED_DEVICE_FAMILY = "1,2";
				TEST_TARGET_NAME = "Veggie's Attack 2.0";
			};
			name = Release;
		};
/* End XCBuildConfiguration section */

/* Begin XCConfigurationList section */
		04D169D129425A88001EDDC0 /* Build configuration list for PBXProject "Veggie's Attack 2.0" */ = {
			isa = XCConfigurationList;
			buildConfigurations = (
				04D16A0129425A8A001EDDC0 /* Debug */,
				04D16A0229425A8A001EDDC0 /* Release */,
			);
			defaultConfigurationIsVisible = 0;
			defaultConfigurationName = Release;
		};
		04D16A0329425A8A001EDDC0 /* Build configuration list for PBXNativeTarget "Veggie's Attack 2.0" */ = {
			isa = XCConfigurationList;
			buildConfigurations = (
				04D16A0429425A8A001EDDC0 /* Debug */,
				04D16A0529425A8A001EDDC0 /* Release */,
			);
			defaultConfigurationIsVisible = 0;
			defaultConfigurationName = Release;
		};
		04D16A0629425A8A001EDDC0 /* Build configuration list for PBXNativeTarget "Veggie's Attack 2.0Tests" */ = {
			isa = XCConfigurationList;
			buildConfigurations = (
				04D16A0729425A8A001EDDC0 /* Debug */,
				04D16A0829425A8A001EDDC0 /* Release */,
			);
			defaultConfigurationIsVisible = 0;
			defaultConfigurationName = Release;
		};
		04D16A0929425A8A001EDDC0 /* Build configuration list for PBXNativeTarget "Veggie's Attack 2.0UITests" */ = {
			isa = XCConfigurationList;
			buildConfigurations = (
				04D16A0A29425A8A001EDDC0 /* Debug */,
				04D16A0B29425A8A001EDDC0 /* Release */,
			);
			defaultConfigurationIsVisible = 0;
			defaultConfigurationName = Release;
		};
/* End XCConfigurationList section */
	};
	rootObject = 04D169CE29425A88001EDDC0 /* Project object */;
}
